
Microsoft Visual Studio Solution File, Format Version 12.00
# Visual Studio 14
VisualStudioVersion = 14.0.25420.1
MinimumVisualStudioVersion = 10.0.40219.1
Project("{FAE04EC0-301F-11D3-BF4B-00C04F79EFBC}") = "Devmedia.Estudo.FrameworkUIConsole", "Framework\Devmedia.Estudo.FrameworkUIConsole.csproj", "{2CAAF6F3-8F06-4679-A566-3F2C67335040}"
EndProject
Project("{FAE04EC0-301F-11D3-BF4B-00C04F79EFBC}") = "Devmedia.Estudo.LibraryFrameworkSample", "LibraryFrameworkSample\Devmedia.Estudo.LibraryFrameworkSample.csproj", "{7BB60B57-26F5-4E89-9DFB-FCAF0609A102}"
EndProject
Project("{FAE04EC0-301F-11D3-BF4B-00C04F79EFBC}") = "Devmedia.Estudo.LibraryFrameworkSample.Library", "Devmedia.Estudo.LibraryFrameworkSample.Library\Devmedia.Estudo.LibraryFrameworkSample.Library.csproj", "{B4C43551-9898-4FD1-90D9-E9B6A5FEA306}"
EndProject
Project("{FAE04EC0-301F-11D3-BF4B-00C04F79EFBC}") = "System.Text_Example", "System.Text_Example\System.Text_Example.csproj", "{C698F820-A530-4530-8CF5-0FD6D5F95769}"
EndProject
Project("{FAE04EC0-301F-11D3-BF4B-00C04F79EFBC}") = "System.Globalization_Example", "System.Globalization_Example\System.Globalization_Example.csproj", "{B0ECC241-BEE5-4F2F-BCE7-D3841A973F05}"
EndProject
Project("{FAE04EC0-301F-11D3-BF4B-00C04F79EFBC}") = "System.Resources_Example", "System.Resources_Example\System.Resources_Example.csproj", "{AED2B25E-77EE-4CDD-920E-49814EA78777}"
EndProject
Project("{FAE04EC0-301F-11D3-BF4B-00C04F79EFBC}") = "System.IO_Example", "System.IO_Example\System.IO_Example.csproj", "{E17537A0-D7F6-4651-A9E1-1DA1645EC02C}"
EndProject
Project("{FAE04EC0-301F-11D3-BF4B-00C04F79EFBC}") = "System.XML_Example", "System.XML_Example\System.XML_Example.csproj", "{374BBA6C-CE38-476C-9A7C-20F0A3052FFB}"
EndProject
Global
	GlobalSection(SolutionConfigurationPlatforms) = preSolution
		Debug|Any CPU = Debug|Any CPU
		Release|Any CPU = Release|Any CPU
	EndGlobalSection
	GlobalSection(ProjectConfigurationPlatforms) = postSolution
		{2CAAF6F3-8F06-4679-A566-3F2C67335040}.Debug|Any CPU.ActiveCfg = Debug|Any CPU
		{2CAAF6F3-8F06-4679-A566-3F2C67335040}.Debug|Any CPU.Build.0 = Debug|Any CPU
		{2CAAF6F3-8F06-4679-A566-3F2C67335040}.Release|Any CPU.ActiveCfg = Release|Any CPU
		{2CAAF6F3-8F06-4679-A566-3F2C67335040}.Release|Any CPU.Build.0 = Release|Any CPU
		{7BB60B57-26F5-4E89-9DFB-FCAF0609A102}.Debug|Any CPU.ActiveCfg = Debug|Any CPU
		{7BB60B57-26F5-4E89-9DFB-FCAF0609A102}.Debug|Any CPU.Build.0 = Debug|Any CPU
		{7BB60B57-26F5-4E89-9DFB-FCAF0609A102}.Release|Any CPU.ActiveCfg = Release|Any CPU
		{7BB60B57-26F5-4E89-9DFB-FCAF0609A102}.Release|Any CPU.Build.0 = Release|Any CPU
		{B4C43551-9898-4FD1-90D9-E9B6A5FEA306}.Debug|Any CPU.ActiveCfg = Debug|Any CPU
		{B4C43551-9898-4FD1-90D9-E9B6A5FEA306}.Debug|Any CPU.Build.0 = Debug|Any CPU
		{B4C43551-9898-4FD1-90D9-E9B6A5FEA306}.Release|Any CPU.ActiveCfg = Release|Any CPU
		{B4C43551-9898-4FD1-90D9-E9B6A5FEA306}.Release|Any CPU.Build.0 = Release|Any CPU
		{C698F820-A530-4530-8CF5-0FD6D5F95769}.Debug|Any CPU.ActiveCfg = Debug|Any CPU
		{C698F820-A530-4530-8CF5-0FD6D5F95769}.Debug|Any CPU.Build.0 = Debug|Any CPU
		{C698F820-A530-4530-8CF5-0FD6D5F95769}.Release|Any CPU.ActiveCfg = Release|Any CPU
		{C698F820-A530-4530-8CF5-0FD6D5F95769}.Release|Any CPU.Build.0 = Release|Any CPU
		{B0ECC241-BEE5-4F2F-BCE7-D3841A973F05}.Debug|Any CPU.ActiveCfg = Debug|Any CPU
		{B0ECC241-BEE5-4F2F-BCE7-D3841A973F05}.Debug|Any CPU.Build.0 = Debug|Any CPU
		{B0ECC241-BEE5-4F2F-BCE7-D3841A973F05}.Release|Any CPU.ActiveCfg = Release|Any CPU
		{B0ECC241-BEE5-4F2F-BCE7-D3841A973F05}.Release|Any CPU.Build.0 = Release|Any CPU
		{AED2B25E-77EE-4CDD-920E-49814EA78777}.Debug|Any CPU.ActiveCfg = Debug|Any CPU
		{AED2B25E-77EE-4CDD-920E-49814EA78777}.Debug|Any CPU.Build.0 = Debug|Any CPU
		{AED2B25E-77EE-4CDD-920E-49814EA78777}.Release|Any CPU.ActiveCfg = Release|Any CPU
		{AED2B25E-77EE-4CDD-920E-49814EA78777}.Release|Any CPU.Build.0 = Release|Any CPU
		{E17537A0-D7F6-4651-A9E1-1DA1645EC02C}.Debug|Any CPU.ActiveCfg = Debug|Any CPU
		{E17537A0-D7F6-4651-A9E1-1DA1645EC02C}.Debug|Any CPU.Build.0 = Debug|Any CPU
		{E17537A0-D7F6-4651-A9E1-1DA1645EC02C}.Release|Any CPU.ActiveCfg = Release|Any CPU
		{E17537A0-D7F6-4651-A9E1-1DA1645EC02C}.Release|Any CPU.Build.0 = Release|Any CPU
		{374BBA6C-CE38-476C-9A7C-20F0A3052FFB}.Debug|Any CPU.ActiveCfg = Debug|Any CPU
		{374BBA6C-CE38-476C-9A7C-20F0A3052FFB}.Debug|Any CPU.Build.0 = Debug|Any CPU
		{374BBA6C-CE38-476C-9A7C-20F0A3052FFB}.Release|Any CPU.ActiveCfg = Release|Any CPU
		{374BBA6C-CE38-476C-9A7C-20F0A3052FFB}.Release|Any CPU.Build.0 = Release|Any CPU
	EndGlobalSection
	GlobalSection(SolutionProperties) = preSolution
		HideSolutionNode = FALSE
	EndGlobalSection
EndGlobal
